
Microsoft Visual Studio Solution File, Format Version 12.00
# Visual Studio Version 17
VisualStudioVersion = 17.11.35312.102
MinimumVisualStudioVersion = 10.0.40219.1
Project("{54A90642-561A-4BB1-A94E-469ADEE60C69}") = "react_currency_exchange_app", "reac_exchange_rate_app\react_currency_exchange_app.esproj", "{6A9174BA-F9C6-46D8-86B8-FAFE6718C119}"
EndProject
Global
	GlobalSection(SolutionConfigurationPlatforms) = preSolution
		Debug|Any CPU = Debug|Any CPU
		Release|Any CPU = Release|Any CPU
	EndGlobalSection
	GlobalSection(ProjectConfigurationPlatforms) = postSolution
		{6A9174BA-F9C6-46D8-86B8-FAFE6718C119}.Debug|Any CPU.ActiveCfg = Debug|Any CPU
		{6A9174BA-F9C6-46D8-86B8-FAFE6718C119}.Debug|Any CPU.Build.0 = Debug|Any CPU
		{6A9174BA-F9C6-46D8-86B8-FAFE6718C119}.Debug|Any CPU.Deploy.0 = Debug|Any CPU
		{6A9174BA-F9C6-46D8-86B8-FAFE6718C119}.Release|Any CPU.ActiveCfg = Release|Any CPU
		{6A9174BA-F9C6-46D8-86B8-FAFE6718C119}.Release|Any CPU.Build.0 = Release|Any CPU
		{6A9174BA-F9C6-46D8-86B8-FAFE6718C119}.Release|Any CPU.Deploy.0 = Release|Any CPU
	EndGlobalSection
	GlobalSection(SolutionProperties) = preSolution
		HideSolutionNode = FALSE
	EndGlobalSection
	GlobalSection(ExtensibilityGlobals) = postSolution
		SolutionGuid = {69CF8ACC-6DFD-47F8-910A-D14B199A42B3}
	EndGlobalSection
EndGlobal
